
Microsoft Visual Studio Solution File, Format Version 12.00
# Visual Studio Version 17
VisualStudioVersion = 17.0.31903.59
MinimumVisualStudioVersion = 10.0.40219.1
Project("{FAE04EC0-301F-11D3-BF4B-00C04F79EFBC}") = "NativeAssertions", "NativeAssertions\NativeAssertions.csproj", "{BCE65D57-749C-427F-B520-8033C8466F07}"
EndProject
Project("{FAE04EC0-301F-11D3-BF4B-00C04F79EFBC}") = "NativeAssertions.Tests", "NativeAssertions.Tests\NativeAssertions.Tests.csproj", "{3BA39884-C487-4283-A9E8-A4CA085B46C4}"
EndProject
Global
	GlobalSection(SolutionConfigurationPlatforms) = preSolution
		Debug|Any CPU = Debug|Any CPU
		Release|Any CPU = Release|Any CPU
	EndGlobalSection
	GlobalSection(SolutionProperties) = preSolution
		HideSolutionNode = FALSE
	EndGlobalSection
	GlobalSection(ProjectConfigurationPlatforms) = postSolution
		{BCE65D57-749C-427F-B520-8033C8466F07}.Debug|Any CPU.ActiveCfg = Debug|Any CPU
		{BCE65D57-749C-427F-B520-8033C8466F07}.Debug|Any CPU.Build.0 = Debug|Any CPU
		{BCE65D57-749C-427F-B520-8033C8466F07}.Release|Any CPU.ActiveCfg = Release|Any CPU
		{BCE65D57-749C-427F-B520-8033C8466F07}.Release|Any CPU.Build.0 = Release|Any CPU
		{3BA39884-C487-4283-A9E8-A4CA085B46C4}.Debug|Any CPU.ActiveCfg = Debug|Any CPU
		{3BA39884-C487-4283-A9E8-A4CA085B46C4}.Debug|Any CPU.Build.0 = Debug|Any CPU
		{3BA39884-C487-4283-A9E8-A4CA085B46C4}.Release|Any CPU.ActiveCfg = Release|Any CPU
		{3BA39884-C487-4283-A9E8-A4CA085B46C4}.Release|Any CPU.Build.0 = Release|Any CPU
	EndGlobalSection
EndGlobal
